<?xml version="1.0" encoding="utf-8"?>
<Project ToolsVersion="4.0" xmlns="http://schemas.microsoft.com/developer/msbuild/2003">
  <ItemGroup>
    <Filter Include="Исходные файлы">
      <UniqueIdentifier>{4FC737F1-C7A5-4376-A066-2A32D752A2FF}</UniqueIdentifier>
      <Extensions>cpp;c;cc;cxx;c++;cppm;ixx;def;odl;idl;hpj;bat;asm;asmx</Extensions>
    </Filter>
    <Filter Include="Файлы заголовков">
      <UniqueIdentifier>{93995380-89BD-4b04-88EB-625FBE52EBFB}</UniqueIdentifier>
      <Extensions>h;hh;hpp;hxx;h++;hm;inl;inc;ipp;xsd</Extensions>
    </Filter>
    <Filter Include="Файлы ресурсов">
      <UniqueIdentifier>{67DA6AB6-F800-4c08-8B7A-83BB121AAD01}</UniqueIdentifier>
      <Extensions>rc;ico;cur;bmp;dlg;rc2;rct;bin;rgs;gif;jpg;jpeg;jpe;resx;tiff;tif;png;wav;mfcribbon-ms</Extensions>
    </Filter>
  </ItemGroup>
  <ItemGroup>
    <ClCompile Include="main.cpp">
      <Filter>Исходные файлы</Filter>
    </ClCompile>
    <ClCompile Include="Collision.cpp">
      <Filter>Исходные файлы</Filter>
    </ClCompile>
    <ClCompile Include="Player.cpp">
      <Filter>Исходные файлы</Filter>
    </ClCompile>
    <ClCompile Include="Enemies.cpp">
      <Filter>Исходные файлы</Filter>
    </ClCompile>
    <ClCompile Include="Menu.cpp">
      <Filter>Исходные файлы</Filter>
    </ClCompile>
    <ClCompile Include="Pause.cpp">
      <Filter>Исходные файлы</Filter>
    </ClCompile>
  </ItemGroup>
  <ItemGroup>
    <ClInclude Include="Collision.h">
      <Filter>Файлы заголовков</Filter>
    </ClInclude>
    <ClInclude Include="Player.h">
      <Filter>Файлы заголовков</Filter>
    </ClInclude>
    <ClInclude Include="GameWindow.h">
      <Filter>Файлы заголовков</Filter>
    </ClInclude>
    <ClInclude Include="Enemies.h">
      <Filter>Файлы заголовков</Filter>
    </ClInclude>
    <ClInclude Include="Menu.h">
      <Filter>Файлы заголовков</Filter>
    </ClInclude>
    <ClInclude Include="Button.h">
      <Filter>Файлы заголовков</Filter>
    </ClInclude>
    <ClInclude Include="Pause.h">
      <Filter>Файлы заголовков</Filter>
    </ClInclude>
  </ItemGroup>
  <ItemGroup>
    <Image Include="Textures\background.jpg">
      <Filter>Файлы ресурсов</Filter>
    </Image>
    <Image Include="Textures\backgroundBlurTexture.jpg">
      <Filter>Файлы ресурсов</Filter>
    </Image>
    <Image Include="Textures\ElectroEnemy.jpg">
      <Filter>Файлы ресурсов</Filter>
    </Image>
    <Image Include="Textures\healerActionAreaTexture.png">
      <Filter>Файлы ресурсов</Filter>
    </Image>
    <Image Include="Textures\healerEnemyTexture.png">
      <Filter>Файлы ресурсов</Filter>
    </Image>
    <Image Include="Textures\healerRayTexture.png">
      <Filter>Файлы ресурсов</Filter>
    </Image>
    <Image Include="Textures\hi.jpg">
      <Filter>Файлы ресурсов</Filter>
    </Image>
    <Image Include="Textures\ordinaryBulletScopeTexture.png">
      <Filter>Файлы ресурсов</Filter>
    </Image>
    <Image Include="Textures\lightningTexture2.png">
      <Filter>Файлы ресурсов</Filter>
    </Image>
    <Image Include="Textures\menuItemBackgroundTexture(bruh mode).png">
      <Filter>Файлы ресурсов</Filter>
    </Image>
    <Image Include="Textures\menuBackgroundTexture.jpg">
      <Filter>Файлы ресурсов</Filter>
    </Image>
    <Image Include="Textures\HPtexture.png">
      <Filter>Файлы ресурсов</Filter>
    </Image>
    <Image Include="Textures\lightningTexture1.png">
      <Filter>Файлы ресурсов</Filter>
    </Image>
    <Image Include="Textures\menuButtonBackgroundTexture.png">
      <Filter>Файлы ресурсов</Filter>
    </Image>
    <Image Include="Textures\pauseBoxTexture.jpg">
      <Filter>Файлы ресурсов</Filter>
    </Image>
    <Image Include="Textures\pauseButtonBackgroundTexture.jpg">
      <Filter>Файлы ресурсов</Filter>
    </Image>
    <Image Include="Textures\pchel.jpg">
      <Filter>Файлы ресурсов</Filter>
    </Image>
    <Image Include="Textures\playerTexture1HP.jpg">
      <Filter>Файлы ресурсов</Filter>
    </Image>
    <Image Include="Textures\rockEnemyBulletTexture.png">
      <Filter>Файлы ресурсов</Filter>
    </Image>
    <Image Include="Textures\rayBulletScopeTexture2.png">
      <Filter>Файлы ресурсов</Filter>
    </Image>
    <Image Include="Textures\rayBulletScopeTexture.png">
      <Filter>Файлы ресурсов</Filter>
    </Image>
    <Image Include="Textures\playerTexture2HP.jpg">
      <Filter>Файлы ресурсов</Filter>
    </Image>
    <Image Include="Textures\playerTexture3HP.jpg">
      <Filter>Файлы ресурсов</Filter>
    </Image>
    <Image Include="Textures\rayBulletTexture.png">
      <Filter>Файлы ресурсов</Filter>
    </Image>
    <Image Include="Textures\rockEnemy.png">
      <Filter>Файлы ресурсов</Filter>
    </Image>
    <Image Include="Textures\romaBulletTexture.jpg">
      <Filter>Файлы ресурсов</Filter>
    </Image>
    <Image Include="Textures\RomaEnemy.jpg">
      <Filter>Файлы ресурсов</Filter>
    </Image>
    <Image Include="Textures\splittingBulletScopeTexture.png">
      <Filter>Файлы ресурсов</Filter>
    </Image>
    <Image Include="Textures\splittingBulletTexture.png">
      <Filter>Файлы ресурсов</Filter>
    </Image>
    <Image Include="Textures\w.jpg">
      <Filter>Файлы ресурсов</Filter>
    </Image>
  </ItemGroup>
  <ItemGroup>
    <Font Include="Fonts\Hacked Cyr.ttf" />
  </ItemGroup>
  <ItemGroup>
    <None Include="sfml-audio-2.dll" />
    <None Include="sfml-audio-d-2.dll" />
    <None Include="sfml-graphics-2.dll" />
    <None Include="sfml-graphics-d-2.dll" />
    <None Include="sfml-network-2.dll" />
    <None Include="sfml-system-2.dll" />
    <None Include="sfml-system-d-2.dll" />
    <None Include="sfml-network-d-2.dll" />
    <None Include="sfml-window-2.dll" />
    <None Include="sfml-window-d-2.dll" />
    <None Include="Setup\SetupBruhGalactic\Debug\setup.exe" />
    <None Include="Setup\SetupBruhGalactic\Debug\SetupBruhGalactic.msi" />
  </ItemGroup>
</Project>